Microsoft Visual Studio Solution File, Format Version 12.00
# Visual Studio Version 17
VisualStudioVersion = 17.5.2.0
MinimumVisualStudioVersion = 10.0.40219.1
Project("{FAE04EC0-301F-11D3-BF4B-00C04F79EFBC}") = "WebApiTodos", "WebApiTodos.csproj", "{BD17C74B-3445-B1F4-4C76-EC433ABF8F9C}"
EndProject
Global
	GlobalSection(SolutionConfigurationPlatforms) = preSolution
		Debug|Any CPU = Debug|Any CPU
		Release|Any CPU = Release|Any CPU
	EndGlobalSection
	GlobalSection(ProjectConfigurationPlatforms) = postSolution
		{BD17C74B-3445-B1F4-4C76-EC433ABF8F9C}.Debug|Any CPU.ActiveCfg = Debug|Any CPU
		{BD17C74B-3445-B1F4-4C76-EC433ABF8F9C}.Debug|Any CPU.Build.0 = Debug|Any CPU
		{BD17C74B-3445-B1F4-4C76-EC433ABF8F9C}.Release|Any CPU.ActiveCfg = Release|Any CPU
		{BD17C74B-3445-B1F4-4C76-EC433ABF8F9C}.Release|Any CPU.Build.0 = Release|Any CPU
	EndGlobalSection
	GlobalSection(SolutionProperties) = preSolution
		HideSolutionNode = FALSE
	EndGlobalSection
	GlobalSection(ExtensibilityGlobals) = postSolution
		SolutionGuid = {6F61D545-1587-4BAC-93C0-B2A2C7B4EE77}
	EndGlobalSection
EndGlobal
